
Microsoft Visual Studio Solution File, Format Version 12.00
# Visual Studio 15
VisualStudioVersion = 15.0.28010.2003
MinimumVisualStudioVersion = 10.0.40219.1
Project("{FAE04EC0-301F-11D3-BF4B-00C04F79EFBC}") = "HelloGit", "HelloGit\HelloGit.csproj", "{F51F1002-0AE5-4663-A91D-369D1A2DF969}"
EndProject
Project("{FAE04EC0-301F-11D3-BF4B-00C04F79EFBC}") = "ClassLibrary1", "ClassLibrary1\ClassLibrary1.csproj", "{334D1859-A7CE-4AF0-86B2-86B9993BAFEA}"
EndProject
Global
	GlobalSection(SolutionConfigurationPlatforms) = preSolution
		Debug|Any CPU = Debug|Any CPU
		Release|Any CPU = Release|Any CPU
	EndGlobalSection
	GlobalSection(ProjectConfigurationPlatforms) = postSolution
		{F51F1002-0AE5-4663-A91D-369D1A2DF969}.Debug|Any CPU.ActiveCfg = Debug|Any CPU
		{F51F1002-0AE5-4663-A91D-369D1A2DF969}.Debug|Any CPU.Build.0 = Debug|Any CPU
		{F51F1002-0AE5-4663-A91D-369D1A2DF969}.Release|Any CPU.ActiveCfg = Release|Any CPU
		{F51F1002-0AE5-4663-A91D-369D1A2DF969}.Release|Any CPU.Build.0 = Release|Any CPU
		{334D1859-A7CE-4AF0-86B2-86B9993BAFEA}.Debug|Any CPU.ActiveCfg = Debug|Any CPU
		{334D1859-A7CE-4AF0-86B2-86B9993BAFEA}.Debug|Any CPU.Build.0 = Debug|Any CPU
		{334D1859-A7CE-4AF0-86B2-86B9993BAFEA}.Release|Any CPU.ActiveCfg = Release|Any CPU
		{334D1859-A7CE-4AF0-86B2-86B9993BAFEA}.Release|Any CPU.Build.0 = Release|Any CPU
	EndGlobalSection
	GlobalSection(SolutionProperties) = preSolution
		HideSolutionNode = FALSE
	EndGlobalSection
	GlobalSection(ExtensibilityGlobals) = postSolution
		SolutionGuid = {BF96A88F-A1DF-4C84-A800-74B0D0B56C7D}
	EndGlobalSection
EndGlobal
